
Microsoft Visual Studio Solution File, Format Version 12.00
# Visual Studio Version 16
VisualStudioVersion = 16.0.31624.102
MinimumVisualStudioVersion = 10.0.40219.1
Project("{FAE04EC0-301F-11D3-BF4B-00C04F79EFBC}") = "Waller", "Waller\Waller.csproj", "{8514B273-BA0C-4F19-8988-96A5A89FB398}"
EndProject
Global
	GlobalSection(SolutionConfigurationPlatforms) = preSolution
		Debug|Any CPU = Debug|Any CPU
		Release|Any CPU = Release|Any CPU
		With_argument|Any CPU = With_argument|Any CPU
	EndGlobalSection
	GlobalSection(ProjectConfigurationPlatforms) = postSolution
		{8514B273-BA0C-4F19-8988-96A5A89FB398}.Debug|Any CPU.ActiveCfg = Debug|Any CPU
		{8514B273-BA0C-4F19-8988-96A5A89FB398}.Debug|Any CPU.Build.0 = Debug|Any CPU
		{8514B273-BA0C-4F19-8988-96A5A89FB398}.Release|Any CPU.ActiveCfg = Release|Any CPU
		{8514B273-BA0C-4F19-8988-96A5A89FB398}.Release|Any CPU.Build.0 = Release|Any CPU
		{8514B273-BA0C-4F19-8988-96A5A89FB398}.With_argument|Any CPU.ActiveCfg = Release|Any CPU
	EndGlobalSection
	GlobalSection(SolutionProperties) = preSolution
		HideSolutionNode = FALSE
	EndGlobalSection
	GlobalSection(ExtensibilityGlobals) = postSolution
		SolutionGuid = {E81F23E4-B211-4F1B-8411-D42A2CD3BD9E}
	EndGlobalSection
EndGlobal
